
Microsoft Visual Studio Solution File, Format Version 12.00
# Visual Studio 15
VisualStudioVersion = 15.0.28307.1062
MinimumVisualStudioVersion = 10.0.40219.1
Project("{FAE04EC0-301F-11D3-BF4B-00C04F79EFBC}") = "AdvertApi", "AdvertApi\AdvertApi.csproj", "{A36ACD14-01CB-41D9-AF26-543C16598FDA}"
EndProject
Project("{FAE04EC0-301F-11D3-BF4B-00C04F79EFBC}") = "AdvertApiModels", "..\AdvertApiModels\AdvertApiModels.csproj", "{DE35B463-295E-494E-83EE-F460DEC8DED6}"
EndProject
Global
	GlobalSection(SolutionConfigurationPlatforms) = preSolution
		Debug|Any CPU = Debug|Any CPU
		Release|Any CPU = Release|Any CPU
	EndGlobalSection
	GlobalSection(ProjectConfigurationPlatforms) = postSolution
		{A36ACD14-01CB-41D9-AF26-543C16598FDA}.Debug|Any CPU.ActiveCfg = Debug|Any CPU
		{A36ACD14-01CB-41D9-AF26-543C16598FDA}.Debug|Any CPU.Build.0 = Debug|Any CPU
		{A36ACD14-01CB-41D9-AF26-543C16598FDA}.Release|Any CPU.ActiveCfg = Release|Any CPU
		{A36ACD14-01CB-41D9-AF26-543C16598FDA}.Release|Any CPU.Build.0 = Release|Any CPU
		{DE35B463-295E-494E-83EE-F460DEC8DED6}.Debug|Any CPU.ActiveCfg = Debug|Any CPU
		{DE35B463-295E-494E-83EE-F460DEC8DED6}.Debug|Any CPU.Build.0 = Debug|Any CPU
		{DE35B463-295E-494E-83EE-F460DEC8DED6}.Release|Any CPU.ActiveCfg = Release|Any CPU
		{DE35B463-295E-494E-83EE-F460DEC8DED6}.Release|Any CPU.Build.0 = Release|Any CPU
	EndGlobalSection
	GlobalSection(SolutionProperties) = preSolution
		HideSolutionNode = FALSE
	EndGlobalSection
	GlobalSection(ExtensibilityGlobals) = postSolution
		SolutionGuid = {0E2AB3F7-5086-444C-81C5-52F3EA16982F}
	EndGlobalSection
EndGlobal
